// !$*UTF8*$!
{
	archiveVersion = 1;
	classes = {
	};
	objectVersion = 56;
	objects = {

/* Begin PBXBuildFile section */
		8B04722A29EFE69B000571F4 /* TrendingRepository.swift in Sources */ = {isa = PBXBuildFile; fileRef = 8B04722929EFE69B000571F4 /* TrendingRepository.swift */; };
		8B04722D29EFE6E6000571F4 /* TrendingRepositoryLoader.swift in Sources */ = {isa = PBXBuildFile; fileRef = 8B04722C29EFE6E6000571F4 /* TrendingRepositoryLoader.swift */; };
		8B04723029EFE7A3000571F4 /* FeedResponseDTO+Mapping.swift in Sources */ = {isa = PBXBuildFile; fileRef = 8B04722F29EFE7A3000571F4 /* FeedResponseDTO+Mapping.swift */; };
		8B04723329EFE7F2000571F4 /* Feed.swift in Sources */ = {isa = PBXBuildFile; fileRef = 8B04723229EFE7F2000571F4 /* Feed.swift */; };
		8B04723629EFF182000571F4 /* Cancellable.swift in Sources */ = {isa = PBXBuildFile; fileRef = 8B04723529EFF182000571F4 /* Cancellable.swift */; };
		8B04723929EFF215000571F4 /* RepositoryTask.swift in Sources */ = {isa = PBXBuildFile; fileRef = 8B04723829EFF215000571F4 /* RepositoryTask.swift */; };
		8B04723B29EFFCCE000571F4 /* TrendingGiphyUseCaseTests.swift in Sources */ = {isa = PBXBuildFile; fileRef = 8B04723A29EFFCCE000571F4 /* TrendingGiphyUseCaseTests.swift */; };
		8B04723E29F0031C000571F4 /* TrendingUseCase.swift in Sources */ = {isa = PBXBuildFile; fileRef = 8B04723D29F0031C000571F4 /* TrendingUseCase.swift */; };
		8B0A2E2D2A00F3620045A2F5 /* GifDataRepositoryTests.swift in Sources */ = {isa = PBXBuildFile; fileRef = 8B0A2E2C2A00F3620045A2F5 /* GifDataRepositoryTests.swift */; };
		8B11FAFA29EE5A1B003F4BDA /* NetworkService.swift in Sources */ = {isa = PBXBuildFile; fileRef = 8B11FAF929EE5A1B003F4BDA /* NetworkService.swift */; };
		8B11FAFC29EE5FCC003F4BDA /* DataTransferServiceLoaderTests.swift in Sources */ = {isa = PBXBuildFile; fileRef = 8B11FAFB29EE5FCC003F4BDA /* DataTransferServiceLoaderTests.swift */; };
		8B172B7E29E9217100924F44 /* Endpoint.swift in Sources */ = {isa = PBXBuildFile; fileRef = 8B172B7D29E9217100924F44 /* Endpoint.swift */; };
		8B172B8029E9223800924F44 /* NetworkConfigurable.swift in Sources */ = {isa = PBXBuildFile; fileRef = 8B172B7F29E9223800924F44 /* NetworkConfigurable.swift */; };
		8B172B8429E9296C00924F44 /* EndpointTests.swift in Sources */ = {isa = PBXBuildFile; fileRef = 8B172B8329E9296C00924F44 /* EndpointTests.swift */; };
		8B2851EE29F69BC600F71BD4 /* GiphyAPIEndToEndTests.swift in Sources */ = {isa = PBXBuildFile; fileRef = 8B2851ED29F69BC600F71BD4 /* GiphyAPIEndToEndTests.swift */; };
		8B2851EF29F69BC600F71BD4 /* Giphy.framework in Frameworks */ = {isa = PBXBuildFile; fileRef = 8BB0A68A29E51894005777A8 /* Giphy.framework */; };
		8B37592A2A08B1E0006AC811 /* UIImage+Gif.swift in Sources */ = {isa = PBXBuildFile; fileRef = 8B3759292A08B1E0006AC811 /* UIImage+Gif.swift */; };
		8B5C663729FBE7E0006C0A57 /* AppDelegate.swift in Sources */ = {isa = PBXBuildFile; fileRef = 8B5C663629FBE7E0006C0A57 /* AppDelegate.swift */; };
		8B5C663929FBE7E0006C0A57 /* SceneDelegate.swift in Sources */ = {isa = PBXBuildFile; fileRef = 8B5C663829FBE7E0006C0A57 /* SceneDelegate.swift */; };
		8B5C664029FBE7E1006C0A57 /* Assets.xcassets in Resources */ = {isa = PBXBuildFile; fileRef = 8B5C663F29FBE7E1006C0A57 /* Assets.xcassets */; };
		8B5C664329FBE7E1006C0A57 /* LaunchScreen.storyboard in Resources */ = {isa = PBXBuildFile; fileRef = 8B5C664129FBE7E1006C0A57 /* LaunchScreen.storyboard */; };
		8B5C665829FBE7E2006C0A57 /* GiphyAppUITests.swift in Sources */ = {isa = PBXBuildFile; fileRef = 8B5C665729FBE7E2006C0A57 /* GiphyAppUITests.swift */; };
		8B5C665A29FBE7E2006C0A57 /* GiphyAppUITestsLaunchTests.swift in Sources */ = {isa = PBXBuildFile; fileRef = 8B5C665929FBE7E2006C0A57 /* GiphyAppUITestsLaunchTests.swift */; };
		8B5C666829FBE8A3006C0A57 /* AppConfiguration.swift in Sources */ = {isa = PBXBuildFile; fileRef = 8B5C666729FBE8A3006C0A57 /* AppConfiguration.swift */; };
		8B61ED2629EEA03000969E04 /* DataTransferService.swift in Sources */ = {isa = PBXBuildFile; fileRef = 8B61ED2529EEA03000969E04 /* DataTransferService.swift */; };
		8B8ACBD429FA7856009AC12E /* ConnectionError.swift in Sources */ = {isa = PBXBuildFile; fileRef = 8B8ACBD329FA7856009AC12E /* ConnectionError.swift */; };
		8B8BDE9429EFACFF005BF941 /* TrendingRepositoryTests.swift in Sources */ = {isa = PBXBuildFile; fileRef = 8B8BDE9329EFACFF005BF941 /* TrendingRepositoryTests.swift */; };
		8B8BDE9629EFB72A005BF941 /* MockNetworkConfigurable.swift in Sources */ = {isa = PBXBuildFile; fileRef = 8B8BDE9529EFB72A005BF941 /* MockNetworkConfigurable.swift */; };
		8B9047BC29FF762600158872 /* FeedViewModelTests.swift in Sources */ = {isa = PBXBuildFile; fileRef = 8B8ACBD029FA57C4009AC12E /* FeedViewModelTests.swift */; };
		8B9047BD29FF762A00158872 /* ObservableTests.swift in Sources */ = {isa = PBXBuildFile; fileRef = 8BA668AF29FA40620073CF20 /* ObservableTests.swift */; };
		8B9047BE29FF764500158872 /* Observable.swift in Sources */ = {isa = PBXBuildFile; fileRef = 8BA668AC29FA3EFA0073CF20 /* Observable.swift */; };
		8B9047C029FF764D00158872 /* DataTransferError+ConnectionError.swift in Sources */ = {isa = PBXBuildFile; fileRef = 8B8ACBD629FA78CC009AC12E /* DataTransferError+ConnectionError.swift */; };
		8B9047CA29FF7A6500158872 /* Giphy.framework in Frameworks */ = {isa = PBXBuildFile; fileRef = 8BB0A68A29E51894005777A8 /* Giphy.framework */; };
		8B9047CB29FF7A6500158872 /* Giphy.framework in Embed Frameworks */ = {isa = PBXBuildFile; fileRef = 8BB0A68A29E51894005777A8 /* Giphy.framework */; settings = {ATTRIBUTES = (CodeSignOnCopy, RemoveHeadersOnCopy, ); }; };
		8B9047D029FF7B8200158872 /* SharedTestHelpers.swift in Sources */ = {isa = PBXBuildFile; fileRef = 8B94716429ED024E0019E784 /* SharedTestHelpers.swift */; };
		8B9047D129FF7C7700158872 /* XCTestCase+MemoryTracking.swift in Sources */ = {isa = PBXBuildFile; fileRef = 8B94716029ECFD650019E784 /* XCTestCase+MemoryTracking.swift */; };
		8B9047D529FF868000158872 /* FeedViewControllerTests.swift in Sources */ = {isa = PBXBuildFile; fileRef = 8B9047D429FF868000158872 /* FeedViewControllerTests.swift */; };
		8B945F3D2A053F7D00463662 /* FeedViewController.xib in Resources */ = {isa = PBXBuildFile; fileRef = 8B945F3C2A053F7D00463662 /* FeedViewController.xib */; };
		8B945F3F2A0541D800463662 /* FeedItemCell.xib in Resources */ = {isa = PBXBuildFile; fileRef = 8B945F3E2A0541D800463662 /* FeedItemCell.xib */; };
		8B94716129ECFD650019E784 /* XCTestCase+MemoryTracking.swift in Sources */ = {isa = PBXBuildFile; fileRef = 8B94716029ECFD650019E784 /* XCTestCase+MemoryTracking.swift */; };
		8B94716329ECFF610019E784 /* NetworkServiceTests.swift in Sources */ = {isa = PBXBuildFile; fileRef = 8B94716229ECFF610019E784 /* NetworkServiceTests.swift */; };
		8B94716529ED024E0019E784 /* SharedTestHelpers.swift in Sources */ = {isa = PBXBuildFile; fileRef = 8B94716429ED024E0019E784 /* SharedTestHelpers.swift */; };
		8BA933602A02441A00B667DD /* GifDataRepositoryLoader.swift in Sources */ = {isa = PBXBuildFile; fileRef = 8BA9335F2A02441A00B667DD /* GifDataRepositoryLoader.swift */; };
		8BA933622A02443500B667DD /* GifDataRepository.swift in Sources */ = {isa = PBXBuildFile; fileRef = 8BA933612A02443500B667DD /* GifDataRepository.swift */; };
		8BB0A69329E51895005777A8 /* Giphy.framework in Frameworks */ = {isa = PBXBuildFile; fileRef = 8BB0A68A29E51894005777A8 /* Giphy.framework */; };
		8BC3480A29FF74590085B76A /* FeedViewModel.swift in Sources */ = {isa = PBXBuildFile; fileRef = 8BC3480929FF74590085B76A /* FeedViewModel.swift */; };
		8BC3480C29FF74930085B76A /* FeedListItemViewModel.swift in Sources */ = {isa = PBXBuildFile; fileRef = 8BC3480B29FF74930085B76A /* FeedListItemViewModel.swift */; };
		8BC38B722A0514F700CD8F9B /* FeedViewController.swift in Sources */ = {isa = PBXBuildFile; fileRef = 8BC38B712A0514F600CD8F9B /* FeedViewController.swift */; };
		8BC38B742A0515C100CD8F9B /* FeedItemCell.swift in Sources */ = {isa = PBXBuildFile; fileRef = 8BC38B732A0515C100CD8F9B /* FeedItemCell.swift */; };
		8BC38B792A051BC600CD8F9B /* Roboto-Medium.ttf in Resources */ = {isa = PBXBuildFile; fileRef = 8BC38B772A051BC600CD8F9B /* Roboto-Medium.ttf */; };
		8BC38B7A2A051BC600CD8F9B /* Roboto-Regular.ttf in Resources */ = {isa = PBXBuildFile; fileRef = 8BC38B782A051BC600CD8F9B /* Roboto-Regular.ttf */; };
		8BC38B7D2A05216600CD8F9B /* FeedUIComposer.swift in Sources */ = {isa = PBXBuildFile; fileRef = 8BC38B7C2A05216600CD8F9B /* FeedUIComposer.swift */; };
/* End PBXBuildFile section */

/* Begin PBXContainerItemProxy section */
		8B2851F029F69BC600F71BD4 /* PBXContainerItemProxy */ = {
			isa = PBXContainerItemProxy;
			containerPortal = 8BB0A68129E51894005777A8 /* Project object */;
			proxyType = 1;
			remoteGlobalIDString = 8BB0A68929E51894005777A8;
			remoteInfo = Giphy;
		};
		8B5C664A29FBE7E2006C0A57 /* PBXContainerItemProxy */ = {
			isa = PBXContainerItemProxy;
			containerPortal = 8BB0A68129E51894005777A8 /* Project object */;
			proxyType = 1;
			remoteGlobalIDString = 8B5C663329FBE7E0006C0A57;
			remoteInfo = GiphyApp;
		};
		8B5C665429FBE7E2006C0A57 /* PBXContainerItemProxy */ = {
			isa = PBXContainerItemProxy;
			containerPortal = 8BB0A68129E51894005777A8 /* Project object */;
			proxyType = 1;
			remoteGlobalIDString = 8B5C663329FBE7E0006C0A57;
			remoteInfo = GiphyApp;
		};
		8B9047CC29FF7A6500158872 /* PBXContainerItemProxy */ = {
			isa = PBXContainerItemProxy;
			containerPortal = 8BB0A68129E51894005777A8 /* Project object */;
			proxyType = 1;
			remoteGlobalIDString = 8BB0A68929E51894005777A8;
			remoteInfo = Giphy;
		};
		8BB0A69429E51895005777A8 /* PBXContainerItemProxy */ = {
			isa = PBXContainerItemProxy;
			containerPortal = 8BB0A68129E51894005777A8 /* Project object */;
			proxyType = 1;
			remoteGlobalIDString = 8BB0A68929E51894005777A8;
			remoteInfo = Giphy;
		};
/* End PBXContainerItemProxy section */

/* Begin PBXCopyFilesBuildPhase section */
		8B9047CE29FF7A6500158872 /* Embed Frameworks */ = {
			isa = PBXCopyFilesBuildPhase;
			buildActionMask = 2147483647;
			dstPath = "";
			dstSubfolderSpec = 10;
			files = (
				8B9047CB29FF7A6500158872 /* Giphy.framework in Embed Frameworks */,
			);
			name = "Embed Frameworks";
			runOnlyForDeploymentPostprocessing = 0;
		};
/* End PBXCopyFilesBuildPhase section */

/* Begin PBXFileReference section */
		8B04722929EFE69B000571F4 /* TrendingRepository.swift */ = {isa = PBXFileReference; lastKnownFileType = sourcecode.swift; path = TrendingRepository.swift; sourceTree = "<group>"; };
		8B04722C29EFE6E6000571F4 /* TrendingRepositoryLoader.swift */ = {isa = PBXFileReference; lastKnownFileType = sourcecode.swift; path = TrendingRepositoryLoader.swift; sourceTree = "<group>"; };
		8B04722F29EFE7A3000571F4 /* FeedResponseDTO+Mapping.swift */ = {isa = PBXFileReference; lastKnownFileType = sourcecode.swift; path = "FeedResponseDTO+Mapping.swift"; sourceTree = "<group>"; };
		8B04723229EFE7F2000571F4 /* Feed.swift */ = {isa = PBXFileReference; lastKnownFileType = sourcecode.swift; path = Feed.swift; sourceTree = "<group>"; };
		8B04723529EFF182000571F4 /* Cancellable.swift */ = {isa = PBXFileReference; lastKnownFileType = sourcecode.swift; path = Cancellable.swift; sourceTree = "<group>"; };
		8B04723829EFF215000571F4 /* RepositoryTask.swift */ = {isa = PBXFileReference; lastKnownFileType = sourcecode.swift; path = RepositoryTask.swift; sourceTree = "<group>"; };
		8B04723A29EFFCCE000571F4 /* TrendingGiphyUseCaseTests.swift */ = {isa = PBXFileReference; lastKnownFileType = sourcecode.swift; path = TrendingGiphyUseCaseTests.swift; sourceTree = "<group>"; };
		8B04723D29F0031C000571F4 /* TrendingUseCase.swift */ = {isa = PBXFileReference; lastKnownFileType = sourcecode.swift; path = TrendingUseCase.swift; sourceTree = "<group>"; };
		8B0A2E292A00D2D10045A2F5 /* GiphyiOSApp.xctestplan */ = {isa = PBXFileReference; lastKnownFileType = text; path = GiphyiOSApp.xctestplan; sourceTree = "<group>"; };
		8B0A2E2C2A00F3620045A2F5 /* GifDataRepositoryTests.swift */ = {isa = PBXFileReference; lastKnownFileType = sourcecode.swift; path = GifDataRepositoryTests.swift; sourceTree = "<group>"; };
		8B11FAF929EE5A1B003F4BDA /* NetworkService.swift */ = {isa = PBXFileReference; lastKnownFileType = sourcecode.swift; path = NetworkService.swift; sourceTree = "<group>"; };
		8B11FAFB29EE5FCC003F4BDA /* DataTransferServiceLoaderTests.swift */ = {isa = PBXFileReference; lastKnownFileType = sourcecode.swift; path = DataTransferServiceLoaderTests.swift; sourceTree = "<group>"; };
		8B172B7D29E9217100924F44 /* Endpoint.swift */ = {isa = PBXFileReference; lastKnownFileType = sourcecode.swift; path = Endpoint.swift; sourceTree = "<group>"; };
		8B172B7F29E9223800924F44 /* NetworkConfigurable.swift */ = {isa = PBXFileReference; lastKnownFileType = sourcecode.swift; path = NetworkConfigurable.swift; sourceTree = "<group>"; };
		8B172B8329E9296C00924F44 /* EndpointTests.swift */ = {isa = PBXFileReference; lastKnownFileType = sourcecode.swift; path = EndpointTests.swift; sourceTree = "<group>"; };
		8B2851EB29F69BC600F71BD4 /* GiphyAPIEndToEndTests.xctest */ = {isa = PBXFileReference; explicitFileType = wrapper.cfbundle; includeInIndex = 0; path = GiphyAPIEndToEndTests.xctest; sourceTree = BUILT_PRODUCTS_DIR; };
		8B2851ED29F69BC600F71BD4 /* GiphyAPIEndToEndTests.swift */ = {isa = PBXFileReference; lastKnownFileType = sourcecode.swift; path = GiphyAPIEndToEndTests.swift; sourceTree = "<group>"; };
		8B3759292A08B1E0006AC811 /* UIImage+Gif.swift */ = {isa = PBXFileReference; lastKnownFileType = sourcecode.swift; path = "UIImage+Gif.swift"; sourceTree = "<group>"; };
		8B5C663429FBE7E0006C0A57 /* GiphyiOSApp.app */ = {isa = PBXFileReference; explicitFileType = wrapper.application; includeInIndex = 0; path = GiphyiOSApp.app; sourceTree = BUILT_PRODUCTS_DIR; };
		8B5C663629FBE7E0006C0A57 /* AppDelegate.swift */ = {isa = PBXFileReference; lastKnownFileType = sourcecode.swift; path = AppDelegate.swift; sourceTree = "<group>"; };
		8B5C663829FBE7E0006C0A57 /* SceneDelegate.swift */ = {isa = PBXFileReference; lastKnownFileType = sourcecode.swift; path = SceneDelegate.swift; sourceTree = "<group>"; };
		8B5C663F29FBE7E1006C0A57 /* Assets.xcassets */ = {isa = PBXFileReference; lastKnownFileType = folder.assetcatalog; path = Assets.xcassets; sourceTree = "<group>"; };
		8B5C664229FBE7E1006C0A57 /* Base */ = {isa = PBXFileReference; lastKnownFileType = file.storyboard; name = Base; path = Base.lproj/LaunchScreen.storyboard; sourceTree = "<group>"; };
		8B5C664429FBE7E1006C0A57 /* Info.plist */ = {isa = PBXFileReference; lastKnownFileType = text.plist.xml; path = Info.plist; sourceTree = "<group>"; };
		8B5C664929FBE7E1006C0A57 /* GiphyiOSAppTests.xctest */ = {isa = PBXFileReference; explicitFileType = wrapper.cfbundle; includeInIndex = 0; path = GiphyiOSAppTests.xctest; sourceTree = BUILT_PRODUCTS_DIR; };
		8B5C665329FBE7E2006C0A57 /* GiphyiOSAppUITests.xctest */ = {isa = PBXFileReference; explicitFileType = wrapper.cfbundle; includeInIndex = 0; path = GiphyiOSAppUITests.xctest; sourceTree = BUILT_PRODUCTS_DIR; };
		8B5C665729FBE7E2006C0A57 /* GiphyAppUITests.swift */ = {isa = PBXFileReference; lastKnownFileType = sourcecode.swift; path = GiphyAppUITests.swift; sourceTree = "<group>"; };
		8B5C665929FBE7E2006C0A57 /* GiphyAppUITestsLaunchTests.swift */ = {isa = PBXFileReference; lastKnownFileType = sourcecode.swift; path = GiphyAppUITestsLaunchTests.swift; sourceTree = "<group>"; };
		8B5C666729FBE8A3006C0A57 /* AppConfiguration.swift */ = {isa = PBXFileReference; lastKnownFileType = sourcecode.swift; path = AppConfiguration.swift; sourceTree = "<group>"; };
		8B61ED2529EEA03000969E04 /* DataTransferService.swift */ = {isa = PBXFileReference; lastKnownFileType = sourcecode.swift; path = DataTransferService.swift; sourceTree = "<group>"; };
		8B8ACBD029FA57C4009AC12E /* FeedViewModelTests.swift */ = {isa = PBXFileReference; lastKnownFileType = sourcecode.swift; path = FeedViewModelTests.swift; sourceTree = "<group>"; };
		8B8ACBD329FA7856009AC12E /* ConnectionError.swift */ = {isa = PBXFileReference; lastKnownFileType = sourcecode.swift; path = ConnectionError.swift; sourceTree = "<group>"; };
		8B8ACBD629FA78CC009AC12E /* DataTransferError+ConnectionError.swift */ = {isa = PBXFileReference; lastKnownFileType = sourcecode.swift; path = "DataTransferError+ConnectionError.swift"; sourceTree = "<group>"; };
		8B8BDE9329EFACFF005BF941 /* TrendingRepositoryTests.swift */ = {isa = PBXFileReference; lastKnownFileType = sourcecode.swift; path = TrendingRepositoryTests.swift; sourceTree = "<group>"; };
		8B8BDE9529EFB72A005BF941 /* MockNetworkConfigurable.swift */ = {isa = PBXFileReference; lastKnownFileType = sourcecode.swift; path = MockNetworkConfigurable.swift; sourceTree = "<group>"; };
		8B9047D429FF868000158872 /* FeedViewControllerTests.swift */ = {isa = PBXFileReference; lastKnownFileType = sourcecode.swift; path = FeedViewControllerTests.swift; sourceTree = "<group>"; };
		8B945F3C2A053F7D00463662 /* FeedViewController.xib */ = {isa = PBXFileReference; lastKnownFileType = file.xib; path = FeedViewController.xib; sourceTree = "<group>"; };
		8B945F3E2A0541D800463662 /* FeedItemCell.xib */ = {isa = PBXFileReference; lastKnownFileType = file.xib; path = FeedItemCell.xib; sourceTree = "<group>"; };
		8B94716029ECFD650019E784 /* XCTestCase+MemoryTracking.swift */ = {isa = PBXFileReference; lastKnownFileType = sourcecode.swift; path = "XCTestCase+MemoryTracking.swift"; sourceTree = "<group>"; };
		8B94716229ECFF610019E784 /* NetworkServiceTests.swift */ = {isa = PBXFileReference; lastKnownFileType = sourcecode.swift; path = NetworkServiceTests.swift; sourceTree = "<group>"; };
		8B94716429ED024E0019E784 /* SharedTestHelpers.swift */ = {isa = PBXFileReference; lastKnownFileType = sourcecode.swift; path = SharedTestHelpers.swift; sourceTree = "<group>"; };
		8BA668AC29FA3EFA0073CF20 /* Observable.swift */ = {isa = PBXFileReference; lastKnownFileType = sourcecode.swift; path = Observable.swift; sourceTree = "<group>"; };
		8BA668AF29FA40620073CF20 /* ObservableTests.swift */ = {isa = PBXFileReference; lastKnownFileType = sourcecode.swift; path = ObservableTests.swift; sourceTree = "<group>"; };
		8BA9335F2A02441A00B667DD /* GifDataRepositoryLoader.swift */ = {isa = PBXFileReference; lastKnownFileType = sourcecode.swift; path = GifDataRepositoryLoader.swift; sourceTree = "<group>"; };
		8BA933612A02443500B667DD /* GifDataRepository.swift */ = {isa = PBXFileReference; lastKnownFileType = sourcecode.swift; path = GifDataRepository.swift; sourceTree = "<group>"; };
		8BB0A68A29E51894005777A8 /* Giphy.framework */ = {isa = PBXFileReference; explicitFileType = wrapper.framework; includeInIndex = 0; path = Giphy.framework; sourceTree = BUILT_PRODUCTS_DIR; };
		8BB0A69229E51895005777A8 /* GiphyTests.xctest */ = {isa = PBXFileReference; explicitFileType = wrapper.cfbundle; includeInIndex = 0; path = GiphyTests.xctest; sourceTree = BUILT_PRODUCTS_DIR; };
		8BC3480929FF74590085B76A /* FeedViewModel.swift */ = {isa = PBXFileReference; lastKnownFileType = sourcecode.swift; path = FeedViewModel.swift; sourceTree = "<group>"; };
		8BC3480B29FF74930085B76A /* FeedListItemViewModel.swift */ = {isa = PBXFileReference; lastKnownFileType = sourcecode.swift; path = FeedListItemViewModel.swift; sourceTree = "<group>"; };
		8BC38B712A0514F600CD8F9B /* FeedViewController.swift */ = {isa = PBXFileReference; lastKnownFileType = sourcecode.swift; path = FeedViewController.swift; sourceTree = "<group>"; };
		8BC38B732A0515C100CD8F9B /* FeedItemCell.swift */ = {isa = PBXFileReference; lastKnownFileType = sourcecode.swift; path = FeedItemCell.swift; sourceTree = "<group>"; };
		8BC38B772A051BC600CD8F9B /* Roboto-Medium.ttf */ = {isa = PBXFileReference; lastKnownFileType = file; path = "Roboto-Medium.ttf"; sourceTree = "<group>"; };
		8BC38B782A051BC600CD8F9B /* Roboto-Regular.ttf */ = {isa = PBXFileReference; lastKnownFileType = file; path = "Roboto-Regular.ttf"; sourceTree = "<group>"; };
		8BC38B7C2A05216600CD8F9B /* FeedUIComposer.swift */ = {isa = PBXFileReference; lastKnownFileType = sourcecode.swift; path = FeedUIComposer.swift; sourceTree = "<group>"; };
/* End PBXFileReference section */

/* Begin PBXFrameworksBuildPhase section */
		8B2851E829F69BC600F71BD4 /* Frameworks */ = {
			isa = PBXFrameworksBuildPhase;
			buildActionMask = 2147483647;
			files = (
				8B2851EF29F69BC600F71BD4 /* Giphy.framework in Frameworks */,
			);
			runOnlyForDeploymentPostprocessing = 0;
		};
		8B5C663129FBE7E0006C0A57 /* Frameworks */ = {
			isa = PBXFrameworksBuildPhase;
			buildActionMask = 2147483647;
			files = (
				8B9047CA29FF7A6500158872 /* Giphy.framework in Frameworks */,
			);
			runOnlyForDeploymentPostprocessing = 0;
		};
		8B5C664629FBE7E1006C0A57 /* Frameworks */ = {
			isa = PBXFrameworksBuildPhase;
			buildActionMask = 2147483647;
			files = (
			);
			runOnlyForDeploymentPostprocessing = 0;
		};
		8B5C665029FBE7E2006C0A57 /* Frameworks */ = {
			isa = PBXFrameworksBuildPhase;
			buildActionMask = 2147483647;
			files = (
			);
			runOnlyForDeploymentPostprocessing = 0;
		};
		8BB0A68729E51894005777A8 /* Frameworks */ = {
			isa = PBXFrameworksBuildPhase;
			buildActionMask = 2147483647;
			files = (
			);
			runOnlyForDeploymentPostprocessing = 0;
		};
		8BB0A68F29E51895005777A8 /* Frameworks */ = {
			isa = PBXFrameworksBuildPhase;
			buildActionMask = 2147483647;
			files = (
				8BB0A69329E51895005777A8 /* Giphy.framework in Frameworks */,
			);
			runOnlyForDeploymentPostprocessing = 0;
		};
/* End PBXFrameworksBuildPhase section */

/* Begin PBXGroup section */
		8B04722529EFE62F000571F4 /* Data */ = {
			isa = PBXGroup;
			children = (
				8B04722B29EFE6DA000571F4 /* Repositories */,
				8B04722E29EFE770000571F4 /* DataMapping */,
			);
			path = Data;
			sourceTree = "<group>";
		};
		8B04722629EFE639000571F4 /* Domain */ = {
			isa = PBXGroup;
			children = (
				8B04723C29F00312000571F4 /* UseCase */,
				8B04723129EFE7C2000571F4 /* Entities */,
				8B04722729EFE648000571F4 /* Interfaces */,
			);
			path = Domain;
			sourceTree = "<group>";
		};
		8B04722729EFE648000571F4 /* Interfaces */ = {
			isa = PBXGroup;
			children = (
				8B04722829EFE663000571F4 /* Repositories */,
			);
			path = Interfaces;
			sourceTree = "<group>";
		};
		8B04722829EFE663000571F4 /* Repositories */ = {
			isa = PBXGroup;
			children = (
				8B04722929EFE69B000571F4 /* TrendingRepository.swift */,
				8BA933612A02443500B667DD /* GifDataRepository.swift */,
			);
			path = Repositories;
			sourceTree = "<group>";
		};
		8B04722B29EFE6DA000571F4 /* Repositories */ = {
			isa = PBXGroup;
			children = (
				8B04723729EFF205000571F4 /* Utlis */,
				8B04722C29EFE6E6000571F4 /* TrendingRepositoryLoader.swift */,
				8BA9335F2A02441A00B667DD /* GifDataRepositoryLoader.swift */,
			);
			path = Repositories;
			sourceTree = "<group>";
		};
		8B04722E29EFE770000571F4 /* DataMapping */ = {
			isa = PBXGroup;
			children = (
				8B04722F29EFE7A3000571F4 /* FeedResponseDTO+Mapping.swift */,
			);
			path = DataMapping;
			sourceTree = "<group>";
		};
		8B04723129EFE7C2000571F4 /* Entities */ = {
			isa = PBXGroup;
			children = (
				8B04723229EFE7F2000571F4 /* Feed.swift */,
			);
			path = Entities;
			sourceTree = "<group>";
		};
		8B04723429EFF16A000571F4 /* Common */ = {
			isa = PBXGroup;
			children = (
				8B04723529EFF182000571F4 /* Cancellable.swift */,
				8B8ACBD329FA7856009AC12E /* ConnectionError.swift */,
			);
			path = Common;
			sourceTree = "<group>";
		};
		8B04723729EFF205000571F4 /* Utlis */ = {
			isa = PBXGroup;
			children = (
				8B04723829EFF215000571F4 /* RepositoryTask.swift */,
			);
			path = Utlis;
			sourceTree = "<group>";
		};
		8B04723C29F00312000571F4 /* UseCase */ = {
			isa = PBXGroup;
			children = (
				8B04723D29F0031C000571F4 /* TrendingUseCase.swift */,
			);
			path = UseCase;
			sourceTree = "<group>";
		};
		8B172B7B29E920EC00924F44 /* Infrastructure */ = {
			isa = PBXGroup;
			children = (
				8B172B7C29E9214F00924F44 /* Network */,
			);
			path = Infrastructure;
			sourceTree = "<group>";
		};
		8B172B7C29E9214F00924F44 /* Network */ = {
			isa = PBXGroup;
			children = (
				8B172B7D29E9217100924F44 /* Endpoint.swift */,
				8B172B7F29E9223800924F44 /* NetworkConfigurable.swift */,
				8B11FAF929EE5A1B003F4BDA /* NetworkService.swift */,
				8B61ED2529EEA03000969E04 /* DataTransferService.swift */,
			);
			path = Network;
			sourceTree = "<group>";
		};
		8B172B8129E9293000924F44 /* Infrastructure */ = {
			isa = PBXGroup;
			children = (
				8B172B8229E9294B00924F44 /* Network */,
			);
			path = Infrastructure;
			sourceTree = "<group>";
		};
		8B172B8229E9294B00924F44 /* Network */ = {
			isa = PBXGroup;
			children = (
				8B172B8329E9296C00924F44 /* EndpointTests.swift */,
				8B94716229ECFF610019E784 /* NetworkServiceTests.swift */,
				8B11FAFB29EE5FCC003F4BDA /* DataTransferServiceLoaderTests.swift */,
			);
			path = Network;
			sourceTree = "<group>";
		};
		8B2851E629F68A2D00F71BD4 /* Mock */ = {
			isa = PBXGroup;
			children = (
				8B8BDE9529EFB72A005BF941 /* MockNetworkConfigurable.swift */,
			);
			path = Mock;
			sourceTree = "<group>";
		};
		8B2851EC29F69BC600F71BD4 /* GiphyAPIEndToEndTests */ = {
			isa = PBXGroup;
			children = (
				8B2851ED29F69BC600F71BD4 /* GiphyAPIEndToEndTests.swift */,
			);
			path = GiphyAPIEndToEndTests;
			sourceTree = "<group>";
		};
		8B5C663529FBE7E0006C0A57 /* GiphyiOSApp */ = {
			isa = PBXGroup;
			children = (
				8BC38B7B2A05214200CD8F9B /* Composer */,
				8BC38B752A051BAC00CD8F9B /* Resources */,
				8B5C666629FBE88F006C0A57 /* Application */,
				8BC3480629FF74110085B76A /* Presentation */,
				8B5C664129FBE7E1006C0A57 /* LaunchScreen.storyboard */,
				8B5C664429FBE7E1006C0A57 /* Info.plist */,
			);
			path = GiphyiOSApp;
			sourceTree = "<group>";
		};
		8B5C664C29FBE7E2006C0A57 /* GiphyiOSAppTests */ = {
			isa = PBXGroup;
			children = (
				8BA668A729FA39D00073CF20 /* Presentation */,
			);
			path = GiphyiOSAppTests;
			sourceTree = "<group>";
		};
		8B5C665629FBE7E2006C0A57 /* GiphyiOSAppUITests */ = {
			isa = PBXGroup;
			children = (
				8B5C665729FBE7E2006C0A57 /* GiphyAppUITests.swift */,
				8B5C665929FBE7E2006C0A57 /* GiphyAppUITestsLaunchTests.swift */,
			);
			path = GiphyiOSAppUITests;
			sourceTree = "<group>";
		};
		8B5C666629FBE88F006C0A57 /* Application */ = {
			isa = PBXGroup;
			children = (
				8B5C663629FBE7E0006C0A57 /* AppDelegate.swift */,
				8B5C663829FBE7E0006C0A57 /* SceneDelegate.swift */,
				8B5C666729FBE8A3006C0A57 /* AppConfiguration.swift */,
			);
			path = Application;
			sourceTree = "<group>";
		};
		8B8ACBD529FA78B5009AC12E /* Extensions */ = {
			isa = PBXGroup;
			children = (
				8B8ACBD629FA78CC009AC12E /* DataTransferError+ConnectionError.swift */,
				8B3759292A08B1E0006AC811 /* UIImage+Gif.swift */,
			);
			path = Extensions;
			sourceTree = "<group>";
		};
		8B8BDE9229EFAB40005BF941 /* Data */ = {
			isa = PBXGroup;
			children = (
				8B8BDE9329EFACFF005BF941 /* TrendingRepositoryTests.swift */,
				8B04723A29EFFCCE000571F4 /* TrendingGiphyUseCaseTests.swift */,
				8B0A2E2C2A00F3620045A2F5 /* GifDataRepositoryTests.swift */,
			);
			path = Data;
			sourceTree = "<group>";
		};
		8B9047C329FF788200158872 /* Frameworks */ = {
			isa = PBXGroup;
			children = (
			);
			name = Frameworks;
			sourceTree = "<group>";
		};
		8B94715F29ECFD500019E784 /* Helpers */ = {
			isa = PBXGroup;
			children = (
				8B94716029ECFD650019E784 /* XCTestCase+MemoryTracking.swift */,
				8B94716429ED024E0019E784 /* SharedTestHelpers.swift */,
			);
			path = Helpers;
			sourceTree = "<group>";
		};
		8BA668A729FA39D00073CF20 /* Presentation */ = {
			isa = PBXGroup;
			children = (
				8BA668AE29FA40550073CF20 /* Utlis */,
				8BA668A829FA39D70073CF20 /* Feed */,
			);
			path = Presentation;
			sourceTree = "<group>";
		};
		8BA668A829FA39D70073CF20 /* Feed */ = {
			isa = PBXGroup;
			children = (
				8BA668A929FA39DE0073CF20 /* ViewModel */,
				8B9047D429FF868000158872 /* FeedViewControllerTests.swift */,
			);
			path = Feed;
			sourceTree = "<group>";
		};
		8BA668A929FA39DE0073CF20 /* ViewModel */ = {
			isa = PBXGroup;
			children = (
				8B8ACBD029FA57C4009AC12E /* FeedViewModelTests.swift */,
			);
			path = ViewModel;
			sourceTree = "<group>";
		};
		8BA668AB29FA3EE80073CF20 /* Utlis */ = {
			isa = PBXGroup;
			children = (
				8B8ACBD529FA78B5009AC12E /* Extensions */,
				8BA668AC29FA3EFA0073CF20 /* Observable.swift */,
			);
			path = Utlis;
			sourceTree = "<group>";
		};
		8BA668AE29FA40550073CF20 /* Utlis */ = {
			isa = PBXGroup;
			children = (
				8BA668AF29FA40620073CF20 /* ObservableTests.swift */,
			);
			path = Utlis;
			sourceTree = "<group>";
		};
		8BB0A68029E51894005777A8 = {
			isa = PBXGroup;
			children = (
				8B0A2E292A00D2D10045A2F5 /* GiphyiOSApp.xctestplan */,
				8B5C663529FBE7E0006C0A57 /* GiphyiOSApp */,
				8B5C664C29FBE7E2006C0A57 /* GiphyiOSAppTests */,
				8B5C665629FBE7E2006C0A57 /* GiphyiOSAppUITests */,
				8BB0A68C29E51894005777A8 /* Giphy */,
				8BB0A69629E51895005777A8 /* GiphyTests */,
				8B2851EC29F69BC600F71BD4 /* GiphyAPIEndToEndTests */,
				8BB0A68B29E51894005777A8 /* Products */,
				8B9047C329FF788200158872 /* Frameworks */,
			);
			sourceTree = "<group>";
		};
		8BB0A68B29E51894005777A8 /* Products */ = {
			isa = PBXGroup;
			children = (
				8BB0A68A29E51894005777A8 /* Giphy.framework */,
				8BB0A69229E51895005777A8 /* GiphyTests.xctest */,
				8B2851EB29F69BC600F71BD4 /* GiphyAPIEndToEndTests.xctest */,
				8B5C663429FBE7E0006C0A57 /* GiphyiOSApp.app */,
				8B5C664929FBE7E1006C0A57 /* GiphyiOSAppTests.xctest */,
				8B5C665329FBE7E2006C0A57 /* GiphyiOSAppUITests.xctest */,
			);
			name = Products;
			sourceTree = "<group>";
		};
		8BB0A68C29E51894005777A8 /* Giphy */ = {
			isa = PBXGroup;
			children = (
				8B04722629EFE639000571F4 /* Domain */,
				8B04722529EFE62F000571F4 /* Data */,
				8B172B7B29E920EC00924F44 /* Infrastructure */,
				8B04723429EFF16A000571F4 /* Common */,
			);
			path = Giphy;
			sourceTree = "<group>";
		};
		8BB0A69629E51895005777A8 /* GiphyTests */ = {
			isa = PBXGroup;
			children = (
				8B2851E629F68A2D00F71BD4 /* Mock */,
				8B94715F29ECFD500019E784 /* Helpers */,
				8B8BDE9229EFAB40005BF941 /* Data */,
				8B172B8129E9293000924F44 /* Infrastructure */,
			);
			path = GiphyTests;
			sourceTree = "<group>";
		};
		8BC3480629FF74110085B76A /* Presentation */ = {
			isa = PBXGroup;
			children = (
				8BC3480729FF741A0085B76A /* Feed */,
				8BA668AB29FA3EE80073CF20 /* Utlis */,
			);
			path = Presentation;
			sourceTree = "<group>";
		};
		8BC3480729FF741A0085B76A /* Feed */ = {
			isa = PBXGroup;
			children = (
				8BC3480829FF741F0085B76A /* ViewModel */,
				8BC38B702A0514DF00CD8F9B /* View */,
			);
			path = Feed;
			sourceTree = "<group>";
		};
		8BC3480829FF741F0085B76A /* ViewModel */ = {
			isa = PBXGroup;
			children = (
				8BC3480929FF74590085B76A /* FeedViewModel.swift */,
				8BC3480B29FF74930085B76A /* FeedListItemViewModel.swift */,
			);
			path = ViewModel;
			sourceTree = "<group>";
		};
		8BC38B702A0514DF00CD8F9B /* View */ = {
			isa = PBXGroup;
			children = (
				8BC38B712A0514F600CD8F9B /* FeedViewController.swift */,
				8BC38B732A0515C100CD8F9B /* FeedItemCell.swift */,
				8B945F3C2A053F7D00463662 /* FeedViewController.xib */,
				8B945F3E2A0541D800463662 /* FeedItemCell.xib */,
			);
			path = View;
			sourceTree = "<group>";
		};
		8BC38B752A051BAC00CD8F9B /* Resources */ = {
			isa = PBXGroup;
			children = (
				8B5C663F29FBE7E1006C0A57 /* Assets.xcassets */,
				8BC38B762A051BB300CD8F9B /* Fonts */,
			);
			path = Resources;
			sourceTree = "<group>";
		};
		8BC38B762A051BB300CD8F9B /* Fonts */ = {
			isa = PBXGroup;
			children = (
				8BC38B772A051BC600CD8F9B /* Roboto-Medium.ttf */,
				8BC38B782A051BC600CD8F9B /* Roboto-Regular.ttf */,
			);
			path = Fonts;
			sourceTree = "<group>";
		};
		8BC38B7B2A05214200CD8F9B /* Composer */ = {
			isa = PBXGroup;
			children = (
				8BC38B7C2A05216600CD8F9B /* FeedUIComposer.swift */,
			);
			path = Composer;
			sourceTree = "<group>";
		};
/* End PBXGroup section */

/* Begin PBXHeadersBuildPhase section */
		8BB0A68529E51894005777A8 /* Headers */ = {
			isa = PBXHeadersBuildPhase;
			buildActionMask = 2147483647;
			files = (
			);
			runOnlyForDeploymentPostprocessing = 0;
		};
/* End PBXHeadersBuildPhase section */

/* Begin PBXNativeTarget section */
		8B2851EA29F69BC600F71BD4 /* GiphyAPIEndToEndTests */ = {
			isa = PBXNativeTarget;
			buildConfigurationList = 8B2851F229F69BC600F71BD4 /* Build configuration list for PBXNativeTarget "GiphyAPIEndToEndTests" */;
			buildPhases = (
				8B2851E729F69BC600F71BD4 /* Sources */,
				8B2851E829F69BC600F71BD4 /* Frameworks */,
				8B2851E929F69BC600F71BD4 /* Resources */,
			);
			buildRules = (
			);
			dependencies = (
				8B2851F129F69BC600F71BD4 /* PBXTargetDependency */,
			);
			name = GiphyAPIEndToEndTests;
			productName = GiphyAPIEndToEndTests;
			productReference = 8B2851EB29F69BC600F71BD4 /* GiphyAPIEndToEndTests.xctest */;
			productType = "com.apple.product-type.bundle.unit-test";
		};
		8B5C663329FBE7E0006C0A57 /* GiphyiOSApp */ = {
			isa = PBXNativeTarget;
			buildConfigurationList = 8B5C665B29FBE7E2006C0A57 /* Build configuration list for PBXNativeTarget "GiphyiOSApp" */;
			buildPhases = (
				8B5C663029FBE7E0006C0A57 /* Sources */,
				8B5C663129FBE7E0006C0A57 /* Frameworks */,
				8B5C663229FBE7E0006C0A57 /* Resources */,
				8B9047CE29FF7A6500158872 /* Embed Frameworks */,
			);
			buildRules = (
			);
			dependencies = (
				8B9047CD29FF7A6500158872 /* PBXTargetDependency */,
			);
			name = GiphyiOSApp;
			productName = GiphyApp;
			productReference = 8B5C663429FBE7E0006C0A57 /* GiphyiOSApp.app */;
			productType = "com.apple.product-type.application";
		};
		8B5C664829FBE7E1006C0A57 /* GiphyiOSAppTests */ = {
			isa = PBXNativeTarget;
			buildConfigurationList = 8B5C665E29FBE7E2006C0A57 /* Build configuration list for PBXNativeTarget "GiphyiOSAppTests" */;
			buildPhases = (
				8B5C664529FBE7E1006C0A57 /* Sources */,
				8B5C664629FBE7E1006C0A57 /* Frameworks */,
				8B5C664729FBE7E1006C0A57 /* Resources */,
			);
			buildRules = (
			);
			dependencies = (
				8B5C664B29FBE7E2006C0A57 /* PBXTargetDependency */,
			);
			name = GiphyiOSAppTests;
			productName = GiphyAppTests;
			productReference = 8B5C664929FBE7E1006C0A57 /* GiphyiOSAppTests.xctest */;
			productType = "com.apple.product-type.bundle.unit-test";
		};
		8B5C665229FBE7E2006C0A57 /* GiphyiOSAppUITests */ = {
			isa = PBXNativeTarget;
			buildConfigurationList = 8B5C666129FBE7E2006C0A57 /* Build configuration list for PBXNativeTarget "GiphyiOSAppUITests" */;
			buildPhases = (
				8B5C664F29FBE7E2006C0A57 /* Sources */,
				8B5C665029FBE7E2006C0A57 /* Frameworks */,
				8B5C665129FBE7E2006C0A57 /* Resources */,
			);
			buildRules = (
			);
			dependencies = (
				8B5C665529FBE7E2006C0A57 /* PBXTargetDependency */,
			);
			name = GiphyiOSAppUITests;
			productName = GiphyAppUITests;
			productReference = 8B5C665329FBE7E2006C0A57 /* GiphyiOSAppUITests.xctest */;
			productType = "com.apple.product-type.bundle.ui-testing";
		};
		8BB0A68929E51894005777A8 /* Giphy */ = {
			isa = PBXNativeTarget;
			buildConfigurationList = 8BB0A69C29E51895005777A8 /* Build configuration list for PBXNativeTarget "Giphy" */;
			buildPhases = (
				8BB0A68529E51894005777A8 /* Headers */,
				8BB0A68629E51894005777A8 /* Sources */,
				8BB0A68729E51894005777A8 /* Frameworks */,
				8BB0A68829E51894005777A8 /* Resources */,
			);
			buildRules = (
			);
			dependencies = (
			);
			name = Giphy;
			productName = Giphy;
			productReference = 8BB0A68A29E51894005777A8 /* Giphy.framework */;
			productType = "com.apple.product-type.framework";
		};
		8BB0A69129E51895005777A8 /* GiphyTests */ = {
			isa = PBXNativeTarget;
			buildConfigurationList = 8BB0A69F29E51895005777A8 /* Build configuration list for PBXNativeTarget "GiphyTests" */;
			buildPhases = (
				8BB0A68E29E51895005777A8 /* Sources */,
				8BB0A68F29E51895005777A8 /* Frameworks */,
				8BB0A69029E51895005777A8 /* Resources */,
			);
			buildRules = (
			);
			dependencies = (
				8BB0A69529E51895005777A8 /* PBXTargetDependency */,
			);
			name = GiphyTests;
			productName = GiphyTests;
			productReference = 8BB0A69229E51895005777A8 /* GiphyTests.xctest */;
			productType = "com.apple.product-type.bundle.unit-test";
		};
/* End PBXNativeTarget section */

/* Begin PBXProject section */
		8BB0A68129E51894005777A8 /* Project object */ = {
			isa = PBXProject;
			attributes = {
				BuildIndependentTargetsInParallel = 1;
				LastSwiftUpdateCheck = 1430;
				LastUpgradeCheck = 1430;
				TargetAttributes = {
					8B2851EA29F69BC600F71BD4 = {
						CreatedOnToolsVersion = 14.3;
					};
					8B5C663329FBE7E0006C0A57 = {
						CreatedOnToolsVersion = 14.3;
					};
					8B5C664829FBE7E1006C0A57 = {
						CreatedOnToolsVersion = 14.3;
						LastSwiftMigration = 1430;
						TestTargetID = 8B5C663329FBE7E0006C0A57;
					};
					8B5C665229FBE7E2006C0A57 = {
						CreatedOnToolsVersion = 14.3;
						TestTargetID = 8B5C663329FBE7E0006C0A57;
					};
					8BB0A68929E51894005777A8 = {
						CreatedOnToolsVersion = 14.3;
						LastSwiftMigration = 1430;
					};
					8BB0A69129E51895005777A8 = {
						CreatedOnToolsVersion = 14.3;
						LastSwiftMigration = 1430;
					};
				};
			};
			buildConfigurationList = 8BB0A68429E51894005777A8 /* Build configuration list for PBXProject "Giphy" */;
			compatibilityVersion = "Xcode 14.0";
			developmentRegion = en;
			hasScannedForEncodings = 0;
			knownRegions = (
				en,
				Base,
			);
			mainGroup = 8BB0A68029E51894005777A8;
			productRefGroup = 8BB0A68B29E51894005777A8 /* Products */;
			projectDirPath = "";
			projectRoot = "";
			targets = (
				8BB0A68929E51894005777A8 /* Giphy */,
				8BB0A69129E51895005777A8 /* GiphyTests */,
				8B2851EA29F69BC600F71BD4 /* GiphyAPIEndToEndTests */,
				8B5C663329FBE7E0006C0A57 /* GiphyiOSApp */,
				8B5C664829FBE7E1006C0A57 /* GiphyiOSAppTests */,
				8B5C665229FBE7E2006C0A57 /* GiphyiOSAppUITests */,
			);
		};
/* End PBXProject section */

/* Begin PBXResourcesBuildPhase section */
		8B2851E929F69BC600F71BD4 /* Resources */ = {
			isa = PBXResourcesBuildPhase;
			buildActionMask = 2147483647;
			files = (
			);
			runOnlyForDeploymentPostprocessing = 0;
		};
		8B5C663229FBE7E0006C0A57 /* Resources */ = {
			isa = PBXResourcesBuildPhase;
			buildActionMask = 2147483647;
			files = (
				8B945F3F2A0541D800463662 /* FeedItemCell.xib in Resources */,
				8BC38B792A051BC600CD8F9B /* Roboto-Medium.ttf in Resources */,
				8B5C664329FBE7E1006C0A57 /* LaunchScreen.storyboard in Resources */,
				8BC38B7A2A051BC600CD8F9B /* Roboto-Regular.ttf in Resources */,
				8B5C664029FBE7E1006C0A57 /* Assets.xcassets in Resources */,
				8B945F3D2A053F7D00463662 /* FeedViewController.xib in Resources */,
			);
			runOnlyForDeploymentPostprocessing = 0;
		};
		8B5C664729FBE7E1006C0A57 /* Resources */ = {
			isa = PBXResourcesBuildPhase;
			buildActionMask = 2147483647;
			files = (
			);
			runOnlyForDeploymentPostprocessing = 0;
		};
		8B5C665129FBE7E2006C0A57 /* Resources */ = {
			isa = PBXResourcesBuildPhase;
			buildActionMask = 2147483647;
			files = (
			);
			runOnlyForDeploymentPostprocessing = 0;
		};
		8BB0A68829E51894005777A8 /* Resources */ = {
			isa = PBXResourcesBuildPhase;
			buildActionMask = 2147483647;
			files = (
			);
			runOnlyForDeploymentPostprocessing = 0;
		};
		8BB0A69029E51895005777A8 /* Resources */ = {
			isa = PBXResourcesBuildPhase;
			buildActionMask = 2147483647;
			files = (
			);
			runOnlyForDeploymentPostprocessing = 0;
		};
/* End PBXResourcesBuildPhase section */

/* Begin PBXSourcesBuildPhase section */
		8B2851E729F69BC600F71BD4 /* Sources */ = {
			isa = PBXSourcesBuildPhase;
			buildActionMask = 2147483647;
			files = (
				8B2851EE29F69BC600F71BD4 /* GiphyAPIEndToEndTests.swift in Sources */,
			);
			runOnlyForDeploymentPostprocessing = 0;
		};
		8B5C663029FBE7E0006C0A57 /* Sources */ = {
			isa = PBXSourcesBuildPhase;
			buildActionMask = 2147483647;
			files = (
				8B9047C029FF764D00158872 /* DataTransferError+ConnectionError.swift in Sources */,
				8BC38B722A0514F700CD8F9B /* FeedViewController.swift in Sources */,
				8BC3480A29FF74590085B76A /* FeedViewModel.swift in Sources */,
				8B37592A2A08B1E0006AC811 /* UIImage+Gif.swift in Sources */,
				8BC38B742A0515C100CD8F9B /* FeedItemCell.swift in Sources */,
				8B5C663729FBE7E0006C0A57 /* AppDelegate.swift in Sources */,
				8B9047BE29FF764500158872 /* Observable.swift in Sources */,
				8B5C666829FBE8A3006C0A57 /* AppConfiguration.swift in Sources */,
				8BC38B7D2A05216600CD8F9B /* FeedUIComposer.swift in Sources */,
				8B5C663929FBE7E0006C0A57 /* SceneDelegate.swift in Sources */,
				8BC3480C29FF74930085B76A /* FeedListItemViewModel.swift in Sources */,
			);
			runOnlyForDeploymentPostprocessing = 0;
		};
		8B5C664529FBE7E1006C0A57 /* Sources */ = {
			isa = PBXSourcesBuildPhase;
			buildActionMask = 2147483647;
			files = (
				8B9047D129FF7C7700158872 /* XCTestCase+MemoryTracking.swift in Sources */,
				8B9047BD29FF762A00158872 /* ObservableTests.swift in Sources */,
				8B9047D529FF868000158872 /* FeedViewControllerTests.swift in Sources */,
				8B9047BC29FF762600158872 /* FeedViewModelTests.swift in Sources */,
				8B9047D029FF7B8200158872 /* SharedTestHelpers.swift in Sources */,
			);
			runOnlyForDeploymentPostprocessing = 0;
		};
		8B5C664F29FBE7E2006C0A57 /* Sources */ = {
			isa = PBXSourcesBuildPhase;
			buildActionMask = 2147483647;
			files = (
				8B5C665A29FBE7E2006C0A57 /* GiphyAppUITestsLaunchTests.swift in Sources */,
				8B5C665829FBE7E2006C0A57 /* GiphyAppUITests.swift in Sources */,
			);
			runOnlyForDeploymentPostprocessing = 0;
		};
		8BB0A68629E51894005777A8 /* Sources */ = {
			isa = PBXSourcesBuildPhase;
			buildActionMask = 2147483647;
			files = (
				8B04723629EFF182000571F4 /* Cancellable.swift in Sources */,
				8BA933602A02441A00B667DD /* GifDataRepositoryLoader.swift in Sources */,
				8B61ED2629EEA03000969E04 /* DataTransferService.swift in Sources */,
				8B8ACBD429FA7856009AC12E /* ConnectionError.swift in Sources */,
				8B04722D29EFE6E6000571F4 /* TrendingRepositoryLoader.swift in Sources */,
				8B04723329EFE7F2000571F4 /* Feed.swift in Sources */,
				8B172B7E29E9217100924F44 /* Endpoint.swift in Sources */,
				8B04722A29EFE69B000571F4 /* TrendingRepository.swift in Sources */,
				8BA933622A02443500B667DD /* GifDataRepository.swift in Sources */,
				8B04723929EFF215000571F4 /* RepositoryTask.swift in Sources */,
				8B11FAFA29EE5A1B003F4BDA /* NetworkService.swift in Sources */,
				8B04723E29F0031C000571F4 /* TrendingUseCase.swift in Sources */,
				8B172B8029E9223800924F44 /* NetworkConfigurable.swift in Sources */,
				8B04723029EFE7A3000571F4 /* FeedResponseDTO+Mapping.swift in Sources */,
			);
			runOnlyForDeploymentPostprocessing = 0;
		};
		8BB0A68E29E51895005777A8 /* Sources */ = {
			isa = PBXSourcesBuildPhase;
			buildActionMask = 2147483647;
			files = (
				8B172B8429E9296C00924F44 /* EndpointTests.swift in Sources */,
				8B11FAFC29EE5FCC003F4BDA /* DataTransferServiceLoaderTests.swift in Sources */,
				8B0A2E2D2A00F3620045A2F5 /* GifDataRepositoryTests.swift in Sources */,
				8B04723B29EFFCCE000571F4 /* TrendingGiphyUseCaseTests.swift in Sources */,
				8B94716129ECFD650019E784 /* XCTestCase+MemoryTracking.swift in Sources */,
				8B94716529ED024E0019E784 /* SharedTestHelpers.swift in Sources */,
				8B94716329ECFF610019E784 /* NetworkServiceTests.swift in Sources */,
				8B8BDE9629EFB72A005BF941 /* MockNetworkConfigurable.swift in Sources */,
				8B8BDE9429EFACFF005BF941 /* TrendingRepositoryTests.swift in Sources */,
			);
			runOnlyForDeploymentPostprocessing = 0;
		};
/* End PBXSourcesBuildPhase section */

/* Begin PBXTargetDependency section */
		8B2851F129F69BC600F71BD4 /* PBXTargetDependency */ = {
			isa = PBXTargetDependency;
			target = 8BB0A68929E51894005777A8 /* Giphy */;
			targetProxy = 8B2851F029F69BC600F71BD4 /* PBXContainerItemProxy */;
		};
		8B5C664B29FBE7E2006C0A57 /* PBXTargetDependency */ = {
			isa = PBXTargetDependency;
			target = 8B5C663329FBE7E0006C0A57 /* GiphyiOSApp */;
			targetProxy = 8B5C664A29FBE7E2006C0A57 /* PBXContainerItemProxy */;
		};
		8B5C665529FBE7E2006C0A57 /* PBXTargetDependency */ = {
			isa = PBXTargetDependency;
			target = 8B5C663329FBE7E0006C0A57 /* GiphyiOSApp */;
			targetProxy = 8B5C665429FBE7E2006C0A57 /* PBXContainerItemProxy */;
		};
		8B9047CD29FF7A6500158872 /* PBXTargetDependency */ = {
			isa = PBXTargetDependency;
			target = 8BB0A68929E51894005777A8 /* Giphy */;
			targetProxy = 8B9047CC29FF7A6500158872 /* PBXContainerItemProxy */;
		};
		8BB0A69529E51895005777A8 /* PBXTargetDependency */ = {
			isa = PBXTargetDependency;
			target = 8BB0A68929E51894005777A8 /* Giphy */;
			targetProxy = 8BB0A69429E51895005777A8 /* PBXContainerItemProxy */;
		};
/* End PBXTargetDependency section */

/* Begin PBXVariantGroup section */
		8B5C664129FBE7E1006C0A57 /* LaunchScreen.storyboard */ = {
			isa = PBXVariantGroup;
			children = (
				8B5C664229FBE7E1006C0A57 /* Base */,
			);
			name = LaunchScreen.storyboard;
			sourceTree = "<group>";
		};
/* End PBXVariantGroup section */

/* Begin XCBuildConfiguration section */
		8B2851F329F69BC600F71BD4 /* Debug */ = {
			isa = XCBuildConfiguration;
			buildSettings = {
				CODE_SIGN_STYLE = Manual;
				CURRENT_PROJECT_VERSION = 1;
				DEVELOPMENT_TEAM = "";
				GENERATE_INFOPLIST_FILE = YES;
				MARKETING_VERSION = 1.0;
				PRODUCT_BUNDLE_IDENTIFIER = com.ivarun.GiphyAPIEndToEndTests;
				PRODUCT_NAME = "$(TARGET_NAME)";
				PROVISIONING_PROFILE_SPECIFIER = "";
				SUPPORTED_PLATFORMS = "macosx iphonesimulator iphoneos";
				SWIFT_EMIT_LOC_STRINGS = NO;
				SWIFT_VERSION = 5.0;
			};
			name = Debug;
		};
		8B2851F429F69BC600F71BD4 /* Release */ = {
			isa = XCBuildConfiguration;
			buildSettings = {
				CODE_SIGN_STYLE = Manual;
				CURRENT_PROJECT_VERSION = 1;
				DEVELOPMENT_TEAM = "";
				GENERATE_INFOPLIST_FILE = YES;
				MARKETING_VERSION = 1.0;
				PRODUCT_BUNDLE_IDENTIFIER = com.ivarun.GiphyAPIEndToEndTests;
				PRODUCT_NAME = "$(TARGET_NAME)";
				PROVISIONING_PROFILE_SPECIFIER = "";
				SUPPORTED_PLATFORMS = "macosx iphonesimulator iphoneos";
				SWIFT_EMIT_LOC_STRINGS = NO;
				SWIFT_VERSION = 5.0;
			};
			name = Release;
		};
		8B5C665C29FBE7E2006C0A57 /* Debug */ = {
			isa = XCBuildConfiguration;
			buildSettings = {
				API_KEY = 1lmk1sCPYN0vyC7YwtkdJnizOjIVcGH7;
				ASSETCATALOG_COMPILER_APPICON_NAME = AppIcon;
				ASSETCATALOG_COMPILER_GLOBAL_ACCENT_COLOR_NAME = AccentColor;
				BASE_URL = "https://api.giphy.com";
				CODE_SIGN_STYLE = Automatic;
				CURRENT_PROJECT_VERSION = 1;
				DEVELOPMENT_TEAM = M3F68V6NQG;
				GENERATE_INFOPLIST_FILE = YES;
				INFOPLIST_FILE = GiphyiOSApp/Info.plist;
				INFOPLIST_KEY_LSApplicationCategoryType = "";
				INFOPLIST_KEY_UIApplicationSupportsIndirectInputEvents = YES;
				INFOPLIST_KEY_UILaunchStoryboardName = LaunchScreen;
				INFOPLIST_KEY_UISupportedInterfaceOrientations_iPad = "UIInterfaceOrientationPortrait UIInterfaceOrientationPortraitUpsideDown UIInterfaceOrientationLandscapeLeft UIInterfaceOrientationLandscapeRight";
				INFOPLIST_KEY_UISupportedInterfaceOrientations_iPhone = "UIInterfaceOrientationPortrait UIInterfaceOrientationLandscapeLeft UIInterfaceOrientationLandscapeRight";
				IPHONEOS_DEPLOYMENT_TARGET = 16.4;
				LD_RUNPATH_SEARCH_PATHS = (
					"$(inherited)",
					"@executable_path/Frameworks",
				);
				MARKETING_VERSION = 1.0;
				PRODUCT_BUNDLE_IDENTIFIER = com.ivarun.GiphyiOSApp;
				PRODUCT_NAME = "$(TARGET_NAME)";
				SDKROOT = iphoneos;
				SWIFT_EMIT_LOC_STRINGS = YES;
				SWIFT_VERSION = 5.0;
				TARGETED_DEVICE_FAMILY = "1,2";
			};
			name = Debug;
		};
		8B5C665D29FBE7E2006C0A57 /* Release */ = {
			isa = XCBuildConfiguration;
			buildSettings = {
				API_KEY = 1lmk1sCPYN0vyC7YwtkdJnizOjIVcGH7;
				ASSETCATALOG_COMPILER_APPICON_NAME = AppIcon;
				ASSETCATALOG_COMPILER_GLOBAL_ACCENT_COLOR_NAME = AccentColor;
				BASE_URL = "https://api.giphy.com";
				CODE_SIGN_STYLE = Automatic;
				CURRENT_PROJECT_VERSION = 1;
				DEVELOPMENT_TEAM = M3F68V6NQG;
				GENERATE_INFOPLIST_FILE = YES;
				INFOPLIST_FILE = GiphyiOSApp/Info.plist;
				INFOPLIST_KEY_LSApplicationCategoryType = "";
				INFOPLIST_KEY_UIApplicationSupportsIndirectInputEvents = YES;
				INFOPLIST_KEY_UILaunchStoryboardName = LaunchScreen;
				INFOPLIST_KEY_UISupportedInterfaceOrientations_iPad = "UIInterfaceOrientationPortrait UIInterfaceOrientationPortraitUpsideDown UIInterfaceOrientationLandscapeLeft UIInterfaceOrientationLandscapeRight";
				INFOPLIST_KEY_UISupportedInterfaceOrientations_iPhone = "UIInterfaceOrientationPortrait UIInterfaceOrientationLandscapeLeft UIInterfaceOrientationLandscapeRight";
				IPHONEOS_DEPLOYMENT_TARGET = 16.4;
				LD_RUNPATH_SEARCH_PATHS = (
					"$(inherited)",
					"@executable_path/Frameworks",
				);
				MARKETING_VERSION = 1.0;
				PRODUCT_BUNDLE_IDENTIFIER = com.ivarun.GiphyiOSApp;
				PRODUCT_NAME = "$(TARGET_NAME)";
				SDKROOT = iphoneos;
				SWIFT_EMIT_LOC_STRINGS = YES;
				SWIFT_VERSION = 5.0;
				TARGETED_DEVICE_FAMILY = "1,2";
				VALIDATE_PRODUCT = YES;
			};
			name = Release;
		};
		8B5C665F29FBE7E2006C0A57 /* Debug */ = {
			isa = XCBuildConfiguration;
			buildSettings = {
				ALWAYS_EMBED_SWIFT_STANDARD_LIBRARIES = YES;
				BUNDLE_LOADER = "$(TEST_HOST)";
				CLANG_ENABLE_MODULES = YES;
				CODE_SIGN_STYLE = Automatic;
				CURRENT_PROJECT_VERSION = 1;
				DEVELOPMENT_TEAM = M3F68V6NQG;
				GENERATE_INFOPLIST_FILE = YES;
				IPHONEOS_DEPLOYMENT_TARGET = 16.4;
				MARKETING_VERSION = 1.0;
				PRODUCT_BUNDLE_IDENTIFIER = com.ivarun.GiphyiOSAppTests;
				PRODUCT_NAME = "$(TARGET_NAME)";
				SDKROOT = iphoneos;
				SWIFT_EMIT_LOC_STRINGS = NO;
				SWIFT_OPTIMIZATION_LEVEL = "-Onone";
				SWIFT_VERSION = 5.0;
				TARGETED_DEVICE_FAMILY = "1,2";
				TEST_HOST = "$(BUILT_PRODUCTS_DIR)/GiphyiOSApp.app/$(BUNDLE_EXECUTABLE_FOLDER_PATH)/GiphyiOSApp";
			};
			name = Debug;
		};
		8B5C666029FBE7E2006C0A57 /* Release */ = {
			isa = XCBuildConfiguration;
			buildSettings = {
				ALWAYS_EMBED_SWIFT_STANDARD_LIBRARIES = YES;
				BUNDLE_LOADER = "$(TEST_HOST)";
				CLANG_ENABLE_MODULES = YES;
				CODE_SIGN_STYLE = Automatic;
				CURRENT_PROJECT_VERSION = 1;
				DEVELOPMENT_TEAM = M3F68V6NQG;
				GENERATE_INFOPLIST_FILE = YES;
				IPHONEOS_DEPLOYMENT_TARGET = 16.4;
				MARKETING_VERSION = 1.0;
				PRODUCT_BUNDLE_IDENTIFIER = com.ivarun.GiphyiOSAppTests;
				PRODUCT_NAME = "$(TARGET_NAME)";
				SDKROOT = iphoneos;
				SWIFT_EMIT_LOC_STRINGS = NO;
				SWIFT_VERSION = 5.0;
				TARGETED_DEVICE_FAMILY = "1,2";
				TEST_HOST = "$(BUILT_PRODUCTS_DIR)/GiphyiOSApp.app/$(BUNDLE_EXECUTABLE_FOLDER_PATH)/GiphyiOSApp";
				VALIDATE_PRODUCT = YES;
			};
			name = Release;
		};
		8B5C666229FBE7E2006C0A57 /* Debug */ = {
			isa = XCBuildConfiguration;
			buildSettings = {
				ALWAYS_EMBED_SWIFT_STANDARD_LIBRARIES = YES;
				CODE_SIGN_STYLE = Automatic;
				CURRENT_PROJECT_VERSION = 1;
				DEVELOPMENT_TEAM = M3F68V6NQG;
				GENERATE_INFOPLIST_FILE = YES;
				IPHONEOS_DEPLOYMENT_TARGET = 16.4;
				MARKETING_VERSION = 1.0;
				PRODUCT_BUNDLE_IDENTIFIER = com.ivarun.GiphyiOSAppUITests;
				PRODUCT_NAME = "$(TARGET_NAME)";
				SDKROOT = iphoneos;
				SWIFT_EMIT_LOC_STRINGS = NO;
				SWIFT_VERSION = 5.0;
				TARGETED_DEVICE_FAMILY = "1,2";
				TEST_TARGET_NAME = GiphyiOSApp;
			};
			name = Debug;
		};
		8B5C666329FBE7E2006C0A57 /* Release */ = {
			isa = XCBuildConfiguration;
			buildSettings = {
				ALWAYS_EMBED_SWIFT_STANDARD_LIBRARIES = YES;
				CODE_SIGN_STYLE = Automatic;
				CURRENT_PROJECT_VERSION = 1;
				DEVELOPMENT_TEAM = M3F68V6NQG;
				GENERATE_INFOPLIST_FILE = YES;
				IPHONEOS_DEPLOYMENT_TARGET = 16.4;
				MARKETING_VERSION = 1.0;
				PRODUCT_BUNDLE_IDENTIFIER = com.ivarun.GiphyiOSAppUITests;
				PRODUCT_NAME = "$(TARGET_NAME)";
				SDKROOT = iphoneos;
				SWIFT_EMIT_LOC_STRINGS = NO;
				SWIFT_VERSION = 5.0;
				TARGETED_DEVICE_FAMILY = "1,2";
				TEST_TARGET_NAME = GiphyiOSApp;
				VALIDATE_PRODUCT = YES;
			};
			name = Release;
		};
		8BB0A69A29E51895005777A8 /* Debug */ = {
			isa = XCBuildConfiguration;
			buildSettings = {
				ALWAYS_SEARCH_USER_PATHS = NO;
				CLANG_ANALYZER_NONNULL = YES;
				CLANG_ANALYZER_NUMBER_OBJECT_CONVERSION = YES_AGGRESSIVE;
				CLANG_CXX_LANGUAGE_STANDARD = "gnu++20";
				CLANG_ENABLE_MODULES = YES;
				CLANG_ENABLE_OBJC_ARC = YES;
				CLANG_ENABLE_OBJC_WEAK = YES;
				CLANG_WARN_BLOCK_CAPTURE_AUTORELEASING = YES;
				CLANG_WARN_BOOL_CONVERSION = YES;
				CLANG_WARN_COMMA = YES;
				CLANG_WARN_CONSTANT_CONVERSION = YES;
				CLANG_WARN_DEPRECATED_OBJC_IMPLEMENTATIONS = YES;
				CLANG_WARN_DIRECT_OBJC_ISA_USAGE = YES_ERROR;
				CLANG_WARN_DOCUMENTATION_COMMENTS = YES;
				CLANG_WARN_EMPTY_BODY = YES;
				CLANG_WARN_ENUM_CONVERSION = YES;
				CLANG_WARN_INFINITE_RECURSION = YES;
				CLANG_WARN_INT_CONVERSION = YES;
				CLANG_WARN_NON_LITERAL_NULL_CONVERSION = YES;
				CLANG_WARN_OBJC_IMPLICIT_RETAIN_SELF = YES;
				CLANG_WARN_OBJC_LITERAL_CONVERSION = YES;
				CLANG_WARN_OBJC_ROOT_CLASS = YES_ERROR;
				CLANG_WARN_QUOTED_INCLUDE_IN_FRAMEWORK_HEADER = YES;
				CLANG_WARN_RANGE_LOOP_ANALYSIS = YES;
				CLANG_WARN_STRICT_PROTOTYPES = YES;
				CLANG_WARN_SUSPICIOUS_MOVE = YES;
				CLANG_WARN_UNGUARDED_AVAILABILITY = YES_AGGRESSIVE;
				CLANG_WARN_UNREACHABLE_CODE = YES;
				CLANG_WARN__DUPLICATE_METHOD_MATCH = YES;
				COPY_PHASE_STRIP = NO;
				CURRENT_PROJECT_VERSION = 1;
				DEBUG_INFORMATION_FORMAT = dwarf;
				ENABLE_STRICT_OBJC_MSGSEND = YES;
				ENABLE_TESTABILITY = YES;
				GCC_C_LANGUAGE_STANDARD = gnu11;
				GCC_DYNAMIC_NO_PIC = NO;
				GCC_NO_COMMON_BLOCKS = YES;
				GCC_OPTIMIZATION_LEVEL = 0;
				GCC_PREPROCESSOR_DEFINITIONS = (
					"DEBUG=1",
					"$(inherited)",
				);
				GCC_WARN_64_TO_32_BIT_CONVERSION = YES;
				GCC_WARN_ABOUT_RETURN_TYPE = YES_ERROR;
				GCC_WARN_UNDECLARED_SELECTOR = YES;
				GCC_WARN_UNINITIALIZED_AUTOS = YES_AGGRESSIVE;
				GCC_WARN_UNUSED_FUNCTION = YES;
				GCC_WARN_UNUSED_VARIABLE = YES;
				MACOSX_DEPLOYMENT_TARGET = 13.3;
				MTL_ENABLE_DEBUG_INFO = INCLUDE_SOURCE;
				MTL_FAST_MATH = YES;
				ONLY_ACTIVE_ARCH = YES;
				SDKROOT = macosx;
				SWIFT_ACTIVE_COMPILATION_CONDITIONS = DEBUG;
				SWIFT_OPTIMIZATION_LEVEL = "-Onone";
				VERSIONING_SYSTEM = "apple-generic";
				VERSION_INFO_PREFIX = "";
			};
			name = Debug;
		};
		8BB0A69B29E51895005777A8 /* Release */ = {
			isa = XCBuildConfiguration;
			buildSettings = {
				ALWAYS_SEARCH_USER_PATHS = NO;
				CLANG_ANALYZER_NONNULL = YES;
				CLANG_ANALYZER_NUMBER_OBJECT_CONVERSION = YES_AGGRESSIVE;
				CLANG_CXX_LANGUAGE_STANDARD = "gnu++20";
				CLANG_ENABLE_MODULES = YES;
				CLANG_ENABLE_OBJC_ARC = YES;
				CLANG_ENABLE_OBJC_WEAK = YES;
				CLANG_WARN_BLOCK_CAPTURE_AUTORELEASING = YES;
				CLANG_WARN_BOOL_CONVERSION = YES;
				CLANG_WARN_COMMA = YES;
				CLANG_WARN_CONSTANT_CONVERSION = YES;
				CLANG_WARN_DEPRECATED_OBJC_IMPLEMENTATIONS = YES;
				CLANG_WARN_DIRECT_OBJC_ISA_USAGE = YES_ERROR;
				CLANG_WARN_DOCUMENTATION_COMMENTS = YES;
				CLANG_WARN_EMPTY_BODY = YES;
				CLANG_WARN_ENUM_CONVERSION = YES;
				CLANG_WARN_INFINITE_RECURSION = YES;
				CLANG_WARN_INT_CONVERSION = YES;
				CLANG_WARN_NON_LITERAL_NULL_CONVERSION = YES;
				CLANG_WARN_OBJC_IMPLICIT_RETAIN_SELF = YES;
				CLANG_WARN_OBJC_LITERAL_CONVERSION = YES;
				CLANG_WARN_OBJC_ROOT_CLASS = YES_ERROR;
				CLANG_WARN_QUOTED_INCLUDE_IN_FRAMEWORK_HEADER = YES;
				CLANG_WARN_RANGE_LOOP_ANALYSIS = YES;
				CLANG_WARN_STRICT_PROTOTYPES = YES;
				CLANG_WARN_SUSPICIOUS_MOVE = YES;
				CLANG_WARN_UNGUARDED_AVAILABILITY = YES_AGGRESSIVE;
				CLANG_WARN_UNREACHABLE_CODE = YES;
				CLANG_WARN__DUPLICATE_METHOD_MATCH = YES;
				COPY_PHASE_STRIP = NO;
				CURRENT_PROJECT_VERSION = 1;
				DEBUG_INFORMATION_FORMAT = "dwarf-with-dsym";
				ENABLE_NS_ASSERTIONS = NO;
				ENABLE_STRICT_OBJC_MSGSEND = YES;
				GCC_C_LANGUAGE_STANDARD = gnu11;
				GCC_NO_COMMON_BLOCKS = YES;
				GCC_WARN_64_TO_32_BIT_CONVERSION = YES;
				GCC_WARN_ABOUT_RETURN_TYPE = YES_ERROR;
				GCC_WARN_UNDECLARED_SELECTOR = YES;
				GCC_WARN_UNINITIALIZED_AUTOS = YES_AGGRESSIVE;
				GCC_WARN_UNUSED_FUNCTION = YES;
				GCC_WARN_UNUSED_VARIABLE = YES;
				MACOSX_DEPLOYMENT_TARGET = 13.3;
				MTL_ENABLE_DEBUG_INFO = NO;
				MTL_FAST_MATH = YES;
				SDKROOT = macosx;
				SWIFT_COMPILATION_MODE = wholemodule;
				SWIFT_OPTIMIZATION_LEVEL = "-O";
				VERSIONING_SYSTEM = "apple-generic";
				VERSION_INFO_PREFIX = "";
			};
			name = Release;
		};
		8BB0A69D29E51895005777A8 /* Debug */ = {
			isa = XCBuildConfiguration;
			buildSettings = {
				CLANG_ENABLE_MODULES = YES;
				CODE_SIGN_STYLE = Manual;
				COMBINE_HIDPI_IMAGES = YES;
				CURRENT_PROJECT_VERSION = 1;
				DEFINES_MODULE = YES;
				DEVELOPMENT_TEAM = "";
				DYLIB_COMPATIBILITY_VERSION = 1;
				DYLIB_CURRENT_VERSION = 1;
				DYLIB_INSTALL_NAME_BASE = "@rpath";
				ENABLE_MODULE_VERIFIER = YES;
				EXCLUDED_ARCHS = "";
				GENERATE_INFOPLIST_FILE = YES;
				INFOPLIST_KEY_NSHumanReadableCopyright = "";
				INSTALL_PATH = "$(LOCAL_LIBRARY_DIR)/Frameworks";
				LD_RUNPATH_SEARCH_PATHS = (
					"$(inherited)",
					"@executable_path/../Frameworks",
					"@loader_path/Frameworks",
				);
				MARKETING_VERSION = 1.0;
				MODULE_VERIFIER_SUPPORTED_LANGUAGES = "objective-c objective-c++";
				MODULE_VERIFIER_SUPPORTED_LANGUAGE_STANDARDS = "gnu11 gnu++20";
				PRODUCT_BUNDLE_IDENTIFIER = com.ivarun.Giphy;
				PRODUCT_NAME = "$(TARGET_NAME:c99extidentifier)";
				PROVISIONING_PROFILE_SPECIFIER = "";
				SKIP_INSTALL = YES;
				SUPPORTED_PLATFORMS = "macosx iphonesimulator iphoneos";
				SWIFT_EMIT_LOC_STRINGS = YES;
				SWIFT_OPTIMIZATION_LEVEL = "-Onone";
				SWIFT_VERSION = 5.0;
			};
			name = Debug;
		};
		8BB0A69E29E51895005777A8 /* Release */ = {
			isa = XCBuildConfiguration;
			buildSettings = {
				CLANG_ENABLE_MODULES = YES;
				CODE_SIGN_STYLE = Manual;
				COMBINE_HIDPI_IMAGES = YES;
				CURRENT_PROJECT_VERSION = 1;
				DEFINES_MODULE = YES;
				DEVELOPMENT_TEAM = "";
				DYLIB_COMPATIBILITY_VERSION = 1;
				DYLIB_CURRENT_VERSION = 1;
				DYLIB_INSTALL_NAME_BASE = "@rpath";
				ENABLE_MODULE_VERIFIER = YES;
				EXCLUDED_ARCHS = "";
				GENERATE_INFOPLIST_FILE = YES;
				INFOPLIST_KEY_NSHumanReadableCopyright = "";
				INSTALL_PATH = "$(LOCAL_LIBRARY_DIR)/Frameworks";
				LD_RUNPATH_SEARCH_PATHS = (
					"$(inherited)",
					"@executable_path/../Frameworks",
					"@loader_path/Frameworks",
				);
				MARKETING_VERSION = 1.0;
				MODULE_VERIFIER_SUPPORTED_LANGUAGES = "objective-c objective-c++";
				MODULE_VERIFIER_SUPPORTED_LANGUAGE_STANDARDS = "gnu11 gnu++20";
				PRODUCT_BUNDLE_IDENTIFIER = com.ivarun.Giphy;
				PRODUCT_NAME = "$(TARGET_NAME:c99extidentifier)";
				PROVISIONING_PROFILE_SPECIFIER = "";
				SKIP_INSTALL = YES;
				SUPPORTED_PLATFORMS = "macosx iphonesimulator iphoneos";
				SWIFT_EMIT_LOC_STRINGS = YES;
				SWIFT_VERSION = 5.0;
			};
			name = Release;
		};
		8BB0A6A029E51895005777A8 /* Debug */ = {
			isa = XCBuildConfiguration;
			buildSettings = {
				ALWAYS_EMBED_SWIFT_STANDARD_LIBRARIES = YES;
				CLANG_ENABLE_MODULES = YES;
				CODE_SIGN_STYLE = Manual;
				CURRENT_PROJECT_VERSION = 1;
				DEVELOPMENT_TEAM = "";
				GENERATE_INFOPLIST_FILE = YES;
				MARKETING_VERSION = 1.0;
				PRODUCT_BUNDLE_IDENTIFIER = com.ivarun.GiphyTests;
				PRODUCT_NAME = "$(TARGET_NAME)";
				PROVISIONING_PROFILE_SPECIFIER = "";
				SUPPORTED_PLATFORMS = "macosx iphonesimulator iphoneos";
				SWIFT_EMIT_LOC_STRINGS = NO;
				SWIFT_OPTIMIZATION_LEVEL = "-Onone";
				SWIFT_VERSION = 5.0;
			};
			name = Debug;
		};
		8BB0A6A129E51895005777A8 /* Release */ = {
			isa = XCBuildConfiguration;
			buildSettings = {
				ALWAYS_EMBED_SWIFT_STANDARD_LIBRARIES = YES;
				CLANG_ENABLE_MODULES = YES;
				CODE_SIGN_STYLE = Manual;
				CURRENT_PROJECT_VERSION = 1;
				DEVELOPMENT_TEAM = "";
				GENERATE_INFOPLIST_FILE = YES;
				MARKETING_VERSION = 1.0;
				PRODUCT_BUNDLE_IDENTIFIER = com.ivarun.GiphyTests;
				PRODUCT_NAME = "$(TARGET_NAME)";
				PROVISIONING_PROFILE_SPECIFIER = "";
				SUPPORTED_PLATFORMS = "macosx iphonesimulator iphoneos";
				SWIFT_EMIT_LOC_STRINGS = NO;
				SWIFT_VERSION = 5.0;
			};
			name = Release;
		};
/* End XCBuildConfiguration section */

/* Begin XCConfigurationList section */
		8B2851F229F69BC600F71BD4 /* Build configuration list for PBXNativeTarget "GiphyAPIEndToEndTests" */ = {
			isa = XCConfigurationList;
			buildConfigurations = (
				8B2851F329F69BC600F71BD4 /* Debug */,
				8B2851F429F69BC600F71BD4 /* Release */,
			);
			defaultConfigurationIsVisible = 0;
			defaultConfigurationName = Release;
		};
		8B5C665B29FBE7E2006C0A57 /* Build configuration list for PBXNativeTarget "GiphyiOSApp" */ = {
			isa = XCConfigurationList;
			buildConfigurations = (
				8B5C665C29FBE7E2006C0A57 /* Debug */,
				8B5C665D29FBE7E2006C0A57 /* Release */,
			);
			defaultConfigurationIsVisible = 0;
			defaultConfigurationName = Release;
		};
		8B5C665E29FBE7E2006C0A57 /* Build configuration list for PBXNativeTarget "GiphyiOSAppTests" */ = {
			isa = XCConfigurationList;
			buildConfigurations = (
				8B5C665F29FBE7E2006C0A57 /* Debug */,
				8B5C666029FBE7E2006C0A57 /* Release */,
			);
			defaultConfigurationIsVisible = 0;
			defaultConfigurationName = Release;
		};
		8B5C666129FBE7E2006C0A57 /* Build configuration list for PBXNativeTarget "GiphyiOSAppUITests" */ = {
			isa = XCConfigurationList;
			buildConfigurations = (
				8B5C666229FBE7E2006C0A57 /* Debug */,
				8B5C666329FBE7E2006C0A57 /* Release */,
			);
			defaultConfigurationIsVisible = 0;
			defaultConfigurationName = Release;
		};
		8BB0A68429E51894005777A8 /* Build configuration list for PBXProject "Giphy" */ = {
			isa = XCConfigurationList;
			buildConfigurations = (
				8BB0A69A29E51895005777A8 /* Debug */,
				8BB0A69B29E51895005777A8 /* Release */,
			);
			defaultConfigurationIsVisible = 0;
			defaultConfigurationName = Release;
		};
		8BB0A69C29E51895005777A8 /* Build configuration list for PBXNativeTarget "Giphy" */ = {
			isa = XCConfigurationList;
			buildConfigurations = (
				8BB0A69D29E51895005777A8 /* Debug */,
				8BB0A69E29E51895005777A8 /* Release */,
			);
			defaultConfigurationIsVisible = 0;
			defaultConfigurationName = Release;
		};
		8BB0A69F29E51895005777A8 /* Build configuration list for PBXNativeTarget "GiphyTests" */ = {
			isa = XCConfigurationList;
			buildConfigurations = (
				8BB0A6A029E51895005777A8 /* Debug */,
				8BB0A6A129E51895005777A8 /* Release */,
			);
			defaultConfigurationIsVisible = 0;
			defaultConfigurationName = Release;
		};
/* End XCConfigurationList section */
	};
	rootObject = 8BB0A68129E51894005777A8 /* Project object */;
}
